
Microsoft Visual Studio Solution File, Format Version 12.00
# Visual Studio Version 17
VisualStudioVersion = 17.14.36301.6 d17.14
MinimumVisualStudioVersion = 10.0.40219.1
Project("{FAE04EC0-301F-11D3-BF4B-00C04F79EFBC}") = "ClienApp", "ClienApp\ClienApp.csproj", "{8E21A302-AD9F-4664-AC50-5C352367D4B1}"
EndProject
Global
	GlobalSection(SolutionConfigurationPlatforms) = preSolution
		Debug|Any CPU = Debug|Any CPU
		Release|Any CPU = Release|Any CPU
	EndGlobalSection
	GlobalSection(ProjectConfigurationPlatforms) = postSolution
		{8E21A302-AD9F-4664-AC50-5C352367D4B1}.Debug|Any CPU.ActiveCfg = Debug|Any CPU
		{8E21A302-AD9F-4664-AC50-5C352367D4B1}.Debug|Any CPU.Build.0 = Debug|Any CPU
		{8E21A302-AD9F-4664-AC50-5C352367D4B1}.Release|Any CPU.ActiveCfg = Release|Any CPU
		{8E21A302-AD9F-4664-AC50-5C352367D4B1}.Release|Any CPU.Build.0 = Release|Any CPU
	EndGlobalSection
	GlobalSection(SolutionProperties) = preSolution
		HideSolutionNode = FALSE
	EndGlobalSection
	GlobalSection(ExtensibilityGlobals) = postSolution
		SolutionGuid = {D5400EBF-7689-4E8F-B835-17B8BC13A5B1}
	EndGlobalSection
EndGlobal
